
Microsoft Visual Studio Solution File, Format Version 12.00
# Visual Studio Version 16
VisualStudioVersion = 16.0.31829.152
MinimumVisualStudioVersion = 10.0.40219.1
Project("{8BC9CEB8-8B4A-11D0-8D11-00A0C91BC942}") = "RandomAlgo", "RandomAlgo.vcxproj", "{9509A7E3-AA24-4773-8C65-2A16A2E8BF66}"
EndProject
Global
	GlobalSection(SolutionConfigurationPlatforms) = preSolution
		Debug|x64 = Debug|x64
		Debug|x86 = Debug|x86
		Release|x64 = Release|x64
		Release|x86 = Release|x86
	EndGlobalSection
	GlobalSection(ProjectConfigurationPlatforms) = postSolution
		{9509A7E3-AA24-4773-8C65-2A16A2E8BF66}.Debug|x64.ActiveCfg = Debug|x64
		{9509A7E3-AA24-4773-8C65-2A16A2E8BF66}.Debug|x64.Build.0 = Debug|x64
		{9509A7E3-AA24-4773-8C65-2A16A2E8BF66}.Debug|x86.ActiveCfg = Debug|Win32
		{9509A7E3-AA24-4773-8C65-2A16A2E8BF66}.Debug|x86.Build.0 = Debug|Win32
		{9509A7E3-AA24-4773-8C65-2A16A2E8BF66}.Release|x64.ActiveCfg = Release|x64
		{9509A7E3-AA24-4773-8C65-2A16A2E8BF66}.Release|x64.Build.0 = Release|x64
		{9509A7E3-AA24-4773-8C65-2A16A2E8BF66}.Release|x86.ActiveCfg = Release|Win32
		{9509A7E3-AA24-4773-8C65-2A16A2E8BF66}.Release|x86.Build.0 = Release|Win32
	EndGlobalSection
	GlobalSection(SolutionProperties) = preSolution
		HideSolutionNode = FALSE
	EndGlobalSection
	GlobalSection(ExtensibilityGlobals) = postSolution
		SolutionGuid = {C0650D1A-4EC4-498F-8649-2E1BB4C17B81}
	EndGlobalSection
EndGlobal
